// !$*UTF8*$!
{
	archiveVersion = 1;
	classes = {
	};
	objectVersion = 46;
	objects = {

/* Begin PBXBuildFile section */
		912796C81B7B9B05008BF8FE /* main.m in Sources */ = {isa = PBXBuildFile; fileRef = 912796C71B7B9B05008BF8FE /* main.m */; };
		912796CB1B7B9B05008BF8FE /* AppDelegate.m in Sources */ = {isa = PBXBuildFile; fileRef = 912796CA1B7B9B05008BF8FE /* AppDelegate.m */; };
		912796CE1B7B9B05008BF8FE /* ViewController.m in Sources */ = {isa = PBXBuildFile; fileRef = 912796CD1B7B9B05008BF8FE /* ViewController.m */; };
		912796D11B7B9B05008BF8FE /* Main.storyboard in Resources */ = {isa = PBXBuildFile; fileRef = 912796CF1B7B9B05008BF8FE /* Main.storyboard */; };
		912796D31B7B9B05008BF8FE /* Images.xcassets in Resources */ = {isa = PBXBuildFile; fileRef = 912796D21B7B9B05008BF8FE /* Images.xcassets */; };
		912796D61B7B9B05008BF8FE /* LaunchScreen.xib in Resources */ = {isa = PBXBuildFile; fileRef = 912796D41B7B9B05008BF8FE /* LaunchScreen.xib */; };
		912796E21B7B9B05008BF8FE /* _WeekChallengeTests.m in Sources */ = {isa = PBXBuildFile; fileRef = 912796E11B7B9B05008BF8FE /* _WeekChallengeTests.m */; };
		912796ED1B7B9D04008BF8FE /* Partner.m in Sources */ = {isa = PBXBuildFile; fileRef = 912796EC1B7B9D04008BF8FE /* Partner.m */; };
		912796F01B7B9D1B008BF8FE /* PartnerController.m in Sources */ = {isa = PBXBuildFile; fileRef = 912796EF1B7B9D1B008BF8FE /* PartnerController.m */; };
		912796F31B7B9D63008BF8FE /* PartnerListTableViewController.m in Sources */ = {isa = PBXBuildFile; fileRef = 912796F21B7B9D63008BF8FE /* PartnerListTableViewController.m */; };
		9136241E1B7BCA39002C163C /* NewPartnersViewController.m in Sources */ = {isa = PBXBuildFile; fileRef = 9136241D1B7BCA39002C163C /* NewPartnersViewController.m */; };
/* End PBXBuildFile section */

/* Begin PBXContainerItemProxy section */
		912796DC1B7B9B05008BF8FE /* PBXContainerItemProxy */ = {
			isa = PBXContainerItemProxy;
			containerPortal = 912796BA1B7B9B05008BF8FE /* Project object */;
			proxyType = 1;
			remoteGlobalIDString = 912796C11B7B9B05008BF8FE;
			remoteInfo = 6WeekChallenge;
		};
/* End PBXContainerItemProxy section */

/* Begin PBXFileReference section */
		912796C21B7B9B05008BF8FE /* 6WeekChallenge.app */ = {isa = PBXFileReference; explicitFileType = wrapper.application; includeInIndex = 0; path = 6WeekChallenge.app; sourceTree = BUILT_PRODUCTS_DIR; };
		912796C61B7B9B05008BF8FE /* Info.plist */ = {isa = PBXFileReference; lastKnownFileType = text.plist.xml; path = Info.plist; sourceTree = "<group>"; };
		912796C71B7B9B05008BF8FE /* main.m */ = {isa = PBXFileReference; lastKnownFileType = sourcecode.c.objc; path = main.m; sourceTree = "<group>"; };
		912796C91B7B9B05008BF8FE /* AppDelegate.h */ = {isa = PBXFileReference; lastKnownFileType = sourcecode.c.h; path = AppDelegate.h; sourceTree = "<group>"; };
		912796CA1B7B9B05008BF8FE /* AppDelegate.m */ = {isa = PBXFileReference; lastKnownFileType = sourcecode.c.objc; path = AppDelegate.m; sourceTree = "<group>"; };
		912796CC1B7B9B05008BF8FE /* ViewController.h */ = {isa = PBXFileReference; lastKnownFileType = sourcecode.c.h; path = ViewController.h; sourceTree = "<group>"; };
		912796CD1B7B9B05008BF8FE /* ViewController.m */ = {isa = PBXFileReference; lastKnownFileType = sourcecode.c.objc; path = ViewController.m; sourceTree = "<group>"; };
		912796D01B7B9B05008BF8FE /* Base */ = {isa = PBXFileReference; lastKnownFileType = file.storyboard; name = Base; path = Base.lproj/Main.storyboard; sourceTree = "<group>"; };
		912796D21B7B9B05008BF8FE /* Images.xcassets */ = {isa = PBXFileReference; lastKnownFileType = folder.assetcatalog; path = Images.xcassets; sourceTree = "<group>"; };
		912796D51B7B9B05008BF8FE /* Base */ = {isa = PBXFileReference; lastKnownFileType = file.xib; name = Base; path = Base.lproj/LaunchScreen.xib; sourceTree = "<group>"; };
		912796DB1B7B9B05008BF8FE /* 6WeekChallengeTests.xctest */ = {isa = PBXFileReference; explicitFileType = wrapper.cfbundle; includeInIndex = 0; path = 6WeekChallengeTests.xctest; sourceTree = BUILT_PRODUCTS_DIR; };
		912796E01B7B9B05008BF8FE /* Info.plist */ = {isa = PBXFileReference; lastKnownFileType = text.plist.xml; path = Info.plist; sourceTree = "<group>"; };
		912796E11B7B9B05008BF8FE /* _WeekChallengeTests.m */ = {isa = PBXFileReference; lastKnownFileType = sourcecode.c.objc; path = _WeekChallengeTests.m; sourceTree = "<group>"; };
		912796EB1B7B9D04008BF8FE /* Partner.h */ = {isa = PBXFileReference; fileEncoding = 4; lastKnownFileType = sourcecode.c.h; path = Partner.h; sourceTree = "<group>"; };
		912796EC1B7B9D04008BF8FE /* Partner.m */ = {isa = PBXFileReference; fileEncoding = 4; lastKnownFileType = sourcecode.c.objc; path = Partner.m; sourceTree = "<group>"; };
		912796EE1B7B9D1B008BF8FE /* PartnerController.h */ = {isa = PBXFileReference; fileEncoding = 4; lastKnownFileType = sourcecode.c.h; path = PartnerController.h; sourceTree = "<group>"; };
		912796EF1B7B9D1B008BF8FE /* PartnerController.m */ = {isa = PBXFileReference; fileEncoding = 4; lastKnownFileType = sourcecode.c.objc; path = PartnerController.m; sourceTree = "<group>"; };
		912796F11B7B9D63008BF8FE /* PartnerListTableViewController.h */ = {isa = PBXFileReference; fileEncoding = 4; lastKnownFileType = sourcecode.c.h; path = PartnerListTableViewController.h; sourceTree = "<group>"; };
		912796F21B7B9D63008BF8FE /* PartnerListTableViewController.m */ = {isa = PBXFileReference; fileEncoding = 4; lastKnownFileType = sourcecode.c.objc; path = PartnerListTableViewController.m; sourceTree = "<group>"; };
		9136241C1B7BCA39002C163C /* NewPartnersViewController.h */ = {isa = PBXFileReference; fileEncoding = 4; lastKnownFileType = sourcecode.c.h; path = NewPartnersViewController.h; sourceTree = "<group>"; };
		9136241D1B7BCA39002C163C /* NewPartnersViewController.m */ = {isa = PBXFileReference; fileEncoding = 4; lastKnownFileType = sourcecode.c.objc; path = NewPartnersViewController.m; sourceTree = "<group>"; };
/* End PBXFileReference section */

/* Begin PBXFrameworksBuildPhase section */
		912796BF1B7B9B05008BF8FE /* Frameworks */ = {
			isa = PBXFrameworksBuildPhase;
			buildActionMask = 2147483647;
			files = (
			);
			runOnlyForDeploymentPostprocessing = 0;
		};
		912796D81B7B9B05008BF8FE /* Frameworks */ = {
			isa = PBXFrameworksBuildPhase;
			buildActionMask = 2147483647;
			files = (
			);
			runOnlyForDeploymentPostprocessing = 0;
		};
/* End PBXFrameworksBuildPhase section */

/* Begin PBXGroup section */
		912796B91B7B9B05008BF8FE = {
			isa = PBXGroup;
			children = (
				912796C41B7B9B05008BF8FE /* 6WeekChallenge */,
				912796DE1B7B9B05008BF8FE /* 6WeekChallengeTests */,
				912796C31B7B9B05008BF8FE /* Products */,
			);
			sourceTree = "<group>";
		};
		912796C31B7B9B05008BF8FE /* Products */ = {
			isa = PBXGroup;
			children = (
				912796C21B7B9B05008BF8FE /* 6WeekChallenge.app */,
				912796DB1B7B9B05008BF8FE /* 6WeekChallengeTests.xctest */,
			);
			name = Products;
			sourceTree = "<group>";
		};
		912796C41B7B9B05008BF8FE /* 6WeekChallenge */ = {
			isa = PBXGroup;
			children = (
				912796C91B7B9B05008BF8FE /* AppDelegate.h */,
				912796CA1B7B9B05008BF8FE /* AppDelegate.m */,
				912796EB1B7B9D04008BF8FE /* Partner.h */,
				912796EC1B7B9D04008BF8FE /* Partner.m */,
				912796EE1B7B9D1B008BF8FE /* PartnerController.h */,
				912796EF1B7B9D1B008BF8FE /* PartnerController.m */,
				912796F11B7B9D63008BF8FE /* PartnerListTableViewController.h */,
				912796F21B7B9D63008BF8FE /* PartnerListTableViewController.m */,
				9136241C1B7BCA39002C163C /* NewPartnersViewController.h */,
				9136241D1B7BCA39002C163C /* NewPartnersViewController.m */,
				912796CC1B7B9B05008BF8FE /* ViewController.h */,
				912796CD1B7B9B05008BF8FE /* ViewController.m */,
				912796CF1B7B9B05008BF8FE /* Main.storyboard */,
				912796D21B7B9B05008BF8FE /* Images.xcassets */,
				912796D41B7B9B05008BF8FE /* LaunchScreen.xib */,
				912796C51B7B9B05008BF8FE /* Supporting Files */,
			);
			path = 6WeekChallenge;
			sourceTree = "<group>";
		};
		912796C51B7B9B05008BF8FE /* Supporting Files */ = {
			isa = PBXGroup;
			children = (
				912796C61B7B9B05008BF8FE /* Info.plist */,
				912796C71B7B9B05008BF8FE /* main.m */,
			);
			name = "Supporting Files";
			sourceTree = "<group>";
		};
		912796DE1B7B9B05008BF8FE /* 6WeekChallengeTests */ = {
			isa = PBXGroup;
			children = (
				912796E11B7B9B05008BF8FE /* _WeekChallengeTests.m */,
				912796DF1B7B9B05008BF8FE /* Supporting Files */,
			);
			path = 6WeekChallengeTests;
			sourceTree = "<group>";
		};
		912796DF1B7B9B05008BF8FE /* Supporting Files */ = {
			isa = PBXGroup;
			children = (
				912796E01B7B9B05008BF8FE /* Info.plist */,
			);
			name = "Supporting Files";
			sourceTree = "<group>";
		};
/* End PBXGroup section */

/* Begin PBXNativeTarget section */
		912796C11B7B9B05008BF8FE /* 6WeekChallenge */ = {
			isa = PBXNativeTarget;
			buildConfigurationList = 912796E51B7B9B05008BF8FE /* Build configuration list for PBXNativeTarget "6WeekChallenge" */;
			buildPhases = (
				912796BE1B7B9B05008BF8FE /* Sources */,
				912796BF1B7B9B05008BF8FE /* Frameworks */,
				912796C01B7B9B05008BF8FE /* Resources */,
			);
			buildRules = (
			);
			dependencies = (
			);
			name = 6WeekChallenge;
			productName = 6WeekChallenge;
			productReference = 912796C21B7B9B05008BF8FE /* 6WeekChallenge.app */;
			productType = "com.apple.product-type.application";
		};
		912796DA1B7B9B05008BF8FE /* 6WeekChallengeTests */ = {
			isa = PBXNativeTarget;
			buildConfigurationList = 912796E81B7B9B05008BF8FE /* Build configuration list for PBXNativeTarget "6WeekChallengeTests" */;
			buildPhases = (
				912796D71B7B9B05008BF8FE /* Sources */,
				912796D81B7B9B05008BF8FE /* Frameworks */,
				912796D91B7B9B05008BF8FE /* Resources */,
			);
			buildRules = (
			);
			dependencies = (
				912796DD1B7B9B05008BF8FE /* PBXTargetDependency */,
			);
			name = 6WeekChallengeTests;
			productName = 6WeekChallengeTests;
			productReference = 912796DB1B7B9B05008BF8FE /* 6WeekChallengeTests.xctest */;
			productType = "com.apple.product-type.bundle.unit-test";
		};
/* End PBXNativeTarget section */

/* Begin PBXProject section */
		912796BA1B7B9B05008BF8FE /* Project object */ = {
			isa = PBXProject;
			attributes = {
				LastUpgradeCheck = 0640;
				ORGANIZATIONNAME = "Robert Shepperd";
				TargetAttributes = {
					912796C11B7B9B05008BF8FE = {
						CreatedOnToolsVersion = 6.4;
					};
					912796DA1B7B9B05008BF8FE = {
						CreatedOnToolsVersion = 6.4;
						TestTargetID = 912796C11B7B9B05008BF8FE;
					};
				};
			};
			buildConfigurationList = 912796BD1B7B9B05008BF8FE /* Build configuration list for PBXProject "6WeekChallenge" */;
			compatibilityVersion = "Xcode 3.2";
			developmentRegion = English;
			hasScannedForEncodings = 0;
			knownRegions = (
				en,
				Base,
			);
			mainGroup = 912796B91B7B9B05008BF8FE;
			productRefGroup = 912796C31B7B9B05008BF8FE /* Products */;
			projectDirPath = "";
			projectRoot = "";
			targets = (
				912796C11B7B9B05008BF8FE /* 6WeekChallenge */,
				912796DA1B7B9B05008BF8FE /* 6WeekChallengeTests */,
			);
		};
/* End PBXProject section */

/* Begin PBXResourcesBuildPhase section */
		912796C01B7B9B05008BF8FE /* Resources */ = {
			isa = PBXResourcesBuildPhase;
			buildActionMask = 2147483647;
			files = (
				912796D11B7B9B05008BF8FE /* Main.storyboard in Resources */,
				912796D61B7B9B05008BF8FE /* LaunchScreen.xib in Resources */,
				912796D31B7B9B05008BF8FE /* Images.xcassets in Resources */,
			);
			runOnlyForDeploymentPostprocessing = 0;
		};
		912796D91B7B9B05008BF8FE /* Resources */ = {
			isa = PBXResourcesBuildPhase;
			buildActionMask = 2147483647;
			files = (
			);
			runOnlyForDeploymentPostprocessing = 0;
		};
/* End PBXResourcesBuildPhase section */

/* Begin PBXSourcesBuildPhase section */
		912796BE1B7B9B05008BF8FE /* Sources */ = {
			isa = PBXSourcesBuildPhase;
			buildActionMask = 2147483647;
			files = (
				912796ED1B7B9D04008BF8FE /* Partner.m in Sources */,
				912796CE1B7B9B05008BF8FE /* ViewController.m in Sources */,
				912796CB1B7B9B05008BF8FE /* AppDelegate.m in Sources */,
				9136241E1B7BCA39002C163C /* NewPartnersViewController.m in Sources */,
				912796C81B7B9B05008BF8FE /* main.m in Sources */,
				912796F31B7B9D63008BF8FE /* PartnerListTableViewController.m in Sources */,
				912796F01B7B9D1B008BF8FE /* PartnerController.m in Sources */,
			);
			runOnlyForDeploymentPostprocessing = 0;
		};
		912796D71B7B9B05008BF8FE /* Sources */ = {
			isa = PBXSourcesBuildPhase;
			buildActionMask = 2147483647;
			files = (
				912796E21B7B9B05008BF8FE /* _WeekChallengeTests.m in Sources */,
			);
			runOnlyForDeploymentPostprocessing = 0;
		};
/* End PBXSourcesBuildPhase section */

/* Begin PBXTargetDependency section */
		912796DD1B7B9B05008BF8FE /* PBXTargetDependency */ = {
			isa = PBXTargetDependency;
			target = 912796C11B7B9B05008BF8FE /* 6WeekChallenge */;
			targetProxy = 912796DC1B7B9B05008BF8FE /* PBXContainerItemProxy */;
		};
/* End PBXTargetDependency section */

/* Begin PBXVariantGroup section */
		912796CF1B7B9B05008BF8FE /* Main.storyboard */ = {
			isa = PBXVariantGroup;
			children = (
				912796D01B7B9B05008BF8FE /* Base */,
			);
			name = Main.storyboard;
			sourceTree = "<group>";
		};
		912796D41B7B9B05008BF8FE /* LaunchScreen.xib */ = {
			isa = PBXVariantGroup;
			children = (
				912796D51B7B9B05008BF8FE /* Base */,
			);
			name = LaunchScreen.xib;
			sourceTree = "<group>";
		};
/* End PBXVariantGroup section */

/* Begin XCBuildConfiguration section */
		912796E31B7B9B05008BF8FE /* Debug */ = {
			isa = XCBuildConfiguration;
			buildSettings = {
				ALWAYS_SEARCH_USER_PATHS = NO;
				CLANG_CXX_LANGUAGE_STANDARD = "gnu++0x";
				CLANG_CXX_LIBRARY = "libc++";
				CLANG_ENABLE_MODULES = YES;
				CLANG_ENABLE_OBJC_ARC = YES;
				CLANG_WARN_BOOL_CONVERSION = YES;
				CLANG_WARN_CONSTANT_CONVERSION = YES;
				CLANG_WARN_DIRECT_OBJC_ISA_USAGE = YES_ERROR;
				CLANG_WARN_EMPTY_BODY = YES;
				CLANG_WARN_ENUM_CONVERSION = YES;
				CLANG_WARN_INT_CONVERSION = YES;
				CLANG_WARN_OBJC_ROOT_CLASS = YES_ERROR;
				CLANG_WARN_UNREACHABLE_CODE = YES;
				CLANG_WARN__DUPLICATE_METHOD_MATCH = YES;
				"CODE_SIGN_IDENTITY[sdk=iphoneos*]" = "iPhone Developer";
				COPY_PHASE_STRIP = NO;
				DEBUG_INFORMATION_FORMAT = "dwarf-with-dsym";
				ENABLE_STRICT_OBJC_MSGSEND = YES;
				GCC_C_LANGUAGE_STANDARD = gnu99;
				GCC_DYNAMIC_NO_PIC = NO;
				GCC_NO_COMMON_BLOCKS = YES;
				GCC_OPTIMIZATION_LEVEL = 0;
				GCC_PREPROCESSOR_DEFINITIONS = (
					"DEBUG=1",
					"$(inherited)",
				);
				GCC_SYMBOLS_PRIVATE_EXTERN = NO;
				GCC_WARN_64_TO_32_BIT_CONVERSION = YES;
				GCC_WARN_ABOUT_RETURN_TYPE = YES_ERROR;
				GCC_WARN_UNDECLARED_SELECTOR = YES;
				GCC_WARN_UNINITIALIZED_AUTOS = YES_AGGRESSIVE;
				GCC_WARN_UNUSED_FUNCTION = YES;
				GCC_WARN_UNUSED_VARIABLE = YES;
				IPHONEOS_DEPLOYMENT_TARGET = 8.4;
				MTL_ENABLE_DEBUG_INFO = YES;
				ONLY_ACTIVE_ARCH = YES;
				SDKROOT = iphoneos;
			};
			name = Debug;
		};
		912796E41B7B9B05008BF8FE /* Release */ = {
			isa = XCBuildConfiguration;
			buildSettings = {
				ALWAYS_SEARCH_USER_PATHS = NO;
				CLANG_CXX_LANGUAGE_STANDARD = "gnu++0x";
				CLANG_CXX_LIBRARY = "libc++";
				CLANG_ENABLE_MODULES = YES;
				CLANG_ENABLE_OBJC_ARC = YES;
				CLANG_WARN_BOOL_CONVERSION = YES;
				CLANG_WARN_CONSTANT_CONVERSION = YES;
				CLANG_WARN_DIRECT_OBJC_ISA_USAGE = YES_ERROR;
				CLANG_WARN_EMPTY_BODY = YES;
				CLANG_WARN_ENUM_CONVERSION = YES;
				CLANG_WARN_INT_CONVERSION = YES;
				CLANG_WARN_OBJC_ROOT_CLASS = YES_ERROR;
				CLANG_WARN_UNREACHABLE_CODE = YES;
				CLANG_WARN__DUPLICATE_METHOD_MATCH = YES;
				"CODE_SIGN_IDENTITY[sdk=iphoneos*]" = "iPhone Developer";
				COPY_PHASE_STRIP = NO;
				DEBUG_INFORMATION_FORMAT = "dwarf-with-dsym";
				ENABLE_NS_ASSERTIONS = NO;
				ENABLE_STRICT_OBJC_MSGSEND = YES;
				GCC_C_LANGUAGE_STANDARD = gnu99;
				GCC_NO_COMMON_BLOCKS = YES;
				GCC_WARN_64_TO_32_BIT_CONVERSION = YES;
				GCC_WARN_ABOUT_RETURN_TYPE = YES_ERROR;
				GCC_WARN_UNDECLARED_SELECTOR = YES;
				GCC_WARN_UNINITIALIZED_AUTOS = YES_AGGRESSIVE;
				GCC_WARN_UNUSED_FUNCTION = YES;
				GCC_WARN_UNUSED_VARIABLE = YES;
				IPHONEOS_DEPLOYMENT_TARGET = 8.4;
				MTL_ENABLE_DEBUG_INFO = NO;
				SDKROOT = iphoneos;
				VALIDATE_PRODUCT = YES;
			};
			name = Release;
		};
		912796E61B7B9B05008BF8FE /* Debug */ = {
			isa = XCBuildConfiguration;
			buildSettings = {
				ASSETCATALOG_COMPILER_APPICON_NAME = AppIcon;
				INFOPLIST_FILE = 6WeekChallenge/Info.plist;
				LD_RUNPATH_SEARCH_PATHS = "$(inherited) @executable_path/Frameworks";
				PRODUCT_NAME = "$(TARGET_NAME)";
			};
			name = Debug;
		};
		912796E71B7B9B05008BF8FE /* Release */ = {
			isa = XCBuildConfiguration;
			buildSettings = {
				ASSETCATALOG_COMPILER_APPICON_NAME = AppIcon;
				INFOPLIST_FILE = 6WeekChallenge/Info.plist;
				LD_RUNPATH_SEARCH_PATHS = "$(inherited) @executable_path/Frameworks";
				PRODUCT_NAME = "$(TARGET_NAME)";
			};
			name = Release;
		};
		912796E91B7B9B05008BF8FE /* Debug */ = {
			isa = XCBuildConfiguration;
			buildSettings = {
				BUNDLE_LOADER = "$(TEST_HOST)";
				FRAMEWORK_SEARCH_PATHS = (
					"$(SDKROOT)/Developer/Library/Frameworks",
					"$(inherited)",
				);
				GCC_PREPROCESSOR_DEFINITIONS = (
					"DEBUG=1",
					"$(inherited)",
				);
				INFOPLIST_FILE = 6WeekChallengeTests/Info.plist;
				LD_RUNPATH_SEARCH_PATHS = "$(inherited) @executable_path/Frameworks @loader_path/Frameworks";
				PRODUCT_NAME = "$(TARGET_NAME)";
				TEST_HOST = "$(BUILT_PRODUCTS_DIR)/6WeekChallenge.app/6WeekChallenge";
			};
			name = Debug;
		};
		912796EA1B7B9B05008BF8FE /* Release */ = {
			isa = XCBuildConfiguration;
			buildSettings = {
				BUNDLE_LOADER = "$(TEST_HOST)";
				FRAMEWORK_SEARCH_PATHS = (
					"$(SDKROOT)/Developer/Library/Frameworks",
					"$(inherited)",
				);
				INFOPLIST_FILE = 6WeekChallengeTests/Info.plist;
				LD_RUNPATH_SEARCH_PATHS = "$(inherited) @executable_path/Frameworks @loader_path/Frameworks";
				PRODUCT_NAME = "$(TARGET_NAME)";
				TEST_HOST = "$(BUILT_PRODUCTS_DIR)/6WeekChallenge.app/6WeekChallenge";
			};
			name = Release;
		};
/* End XCBuildConfiguration section */

/* Begin XCConfigurationList section */
		912796BD1B7B9B05008BF8FE /* Build configuration list for PBXProject "6WeekChallenge" */ = {
			isa = XCConfigurationList;
			buildConfigurations = (
				912796E31B7B9B05008BF8FE /* Debug */,
				912796E41B7B9B05008BF8FE /* Release */,
			);
			defaultConfigurationIsVisible = 0;
			defaultConfigurationName = Release;
		};
		912796E51B7B9B05008BF8FE /* Build configuration list for PBXNativeTarget "6WeekChallenge" */ = {
			isa = XCConfigurationList;
			buildConfigurations = (
				912796E61B7B9B05008BF8FE /* Debug */,
				912796E71B7B9B05008BF8FE /* Release */,
			);
			defaultConfigurationIsVisible = 0;
			defaultConfigurationName = Release;
		};
		912796E81B7B9B05008BF8FE /* Build configuration list for PBXNativeTarget "6WeekChallengeTests" */ = {
			isa = XCConfigurationList;
			buildConfigurations = (
				912796E91B7B9B05008BF8FE /* Debug */,
				912796EA1B7B9B05008BF8FE /* Release */,
			);
			defaultConfigurationIsVisible = 0;
			defaultConfigurationName = Release;
		};
/* End XCConfigurationList section */
	};
	rootObject = 912796BA1B7B9B05008BF8FE /* Project object */;
}
